{
  "name": "@lfdoherty/node-webgl",
  "version": "0.5.5",
  "lockfileVersion": 1,
  "requires": true,
  "dependencies": {
    "@lfdoherty/node-glfw": {
      "version": "0.4.6",
      "resolved": "https://registry.npmjs.org/@lfdoherty/node-glfw/-/node-glfw-0.4.6.tgz",
      "integrity": "sha512-yB4Pqubh2k8sKjdcDSv/tHgxMiU7jSflsu+3Z+5/j5daeqKGKWIn/iWZjDpTntnpJLyi/PbRvenrMOXGUZ+dKw==",
      "requires": {
        "bindings": "^1.2.1",
        "nan": "^2.1.0"
      }
    },
    "bindings": {
      "version": "1.2.1",
      "resolved": "https://registry.npmjs.org/bindings/-/bindings-1.2.1.tgz",
      "integrity": "sha1-FK1hE4EtLTfXLme0ystLtyZQXxE="
    },
    "nan": {
      "version": "2.11.1",
      "resolved": "https://registry.npmjs.org/nan/-/nan-2.11.1.tgz",
      "integrity": "sha512-iji6k87OSXa0CcrLl9z+ZiYSuR2o+c0bGuNmXdrhTQTakxytAFsC56SArGYoiHlJlFoHSnvmhpceZJaXkVuOtA=="
    }
  }
}
